
Microsoft Visual Studio Solution File, Format Version 12.00
# Visual Studio Version 17
VisualStudioVersion = 17.0.31903.59
MinimumVisualStudioVersion = 10.0.40219.1
Project("{2150E333-8FDC-42A3-9474-1A3956D46DE8}") = "src", "src", "{827E0CD3-B72D-47B6-A68D-7590B98EB39B}"
EndProject
Project("{FAE04EC0-301F-11D3-BF4B-00C04F79EFBC}") = "Api", "src\Api\Api.csproj", "{D6E43922-B52A-4CB5-85EA-914F3D68B15A}"
EndProject
Project("{FAE04EC0-301F-11D3-BF4B-00C04F79EFBC}") = "Application", "src\Application\Application.csproj", "{EC7C8469-4E74-4A49-A4CF-55B7CA3368E7}"
EndProject
Project("{FAE04EC0-301F-11D3-BF4B-00C04F79EFBC}") = "Domain", "src\Domain\Domain.csproj", "{E1C922D3-AFFC-454A-AB2B-16C3D7022B59}"
EndProject
Project("{FAE04EC0-301F-11D3-BF4B-00C04F79EFBC}") = "Persistence", "src\Persistence\Persistence.csproj", "{2490C129-6137-449D-ADBE-209589B3647C}"
EndProject
Global
	GlobalSection(SolutionConfigurationPlatforms) = preSolution
		Debug|Any CPU = Debug|Any CPU
		Debug|x64 = Debug|x64
		Debug|x86 = Debug|x86
		Release|Any CPU = Release|Any CPU
		Release|x64 = Release|x64
		Release|x86 = Release|x86
	EndGlobalSection
	GlobalSection(ProjectConfigurationPlatforms) = postSolution
		{D6E43922-B52A-4CB5-85EA-914F3D68B15A}.Debug|Any CPU.ActiveCfg = Debug|Any CPU
		{D6E43922-B52A-4CB5-85EA-914F3D68B15A}.Debug|Any CPU.Build.0 = Debug|Any CPU
		{D6E43922-B52A-4CB5-85EA-914F3D68B15A}.Debug|x64.ActiveCfg = Debug|Any CPU
		{D6E43922-B52A-4CB5-85EA-914F3D68B15A}.Debug|x64.Build.0 = Debug|Any CPU
		{D6E43922-B52A-4CB5-85EA-914F3D68B15A}.Debug|x86.ActiveCfg = Debug|Any CPU
		{D6E43922-B52A-4CB5-85EA-914F3D68B15A}.Debug|x86.Build.0 = Debug|Any CPU
		{D6E43922-B52A-4CB5-85EA-914F3D68B15A}.Release|Any CPU.ActiveCfg = Release|Any CPU
		{D6E43922-B52A-4CB5-85EA-914F3D68B15A}.Release|Any CPU.Build.0 = Release|Any CPU
		{D6E43922-B52A-4CB5-85EA-914F3D68B15A}.Release|x64.ActiveCfg = Release|Any CPU
		{D6E43922-B52A-4CB5-85EA-914F3D68B15A}.Release|x64.Build.0 = Release|Any CPU
		{D6E43922-B52A-4CB5-85EA-914F3D68B15A}.Release|x86.ActiveCfg = Release|Any CPU
		{D6E43922-B52A-4CB5-85EA-914F3D68B15A}.Release|x86.Build.0 = Release|Any CPU
		{EC7C8469-4E74-4A49-A4CF-55B7CA3368E7}.Debug|Any CPU.ActiveCfg = Debug|Any CPU
		{EC7C8469-4E74-4A49-A4CF-55B7CA3368E7}.Debug|Any CPU.Build.0 = Debug|Any CPU
		{EC7C8469-4E74-4A49-A4CF-55B7CA3368E7}.Debug|x64.ActiveCfg = Debug|Any CPU
		{EC7C8469-4E74-4A49-A4CF-55B7CA3368E7}.Debug|x64.Build.0 = Debug|Any CPU
		{EC7C8469-4E74-4A49-A4CF-55B7CA3368E7}.Debug|x86.ActiveCfg = Debug|Any CPU
		{EC7C8469-4E74-4A49-A4CF-55B7CA3368E7}.Debug|x86.Build.0 = Debug|Any CPU
		{EC7C8469-4E74-4A49-A4CF-55B7CA3368E7}.Release|Any CPU.ActiveCfg = Release|Any CPU
		{EC7C8469-4E74-4A49-A4CF-55B7CA3368E7}.Release|Any CPU.Build.0 = Release|Any CPU
		{EC7C8469-4E74-4A49-A4CF-55B7CA3368E7}.Release|x64.ActiveCfg = Release|Any CPU
		{EC7C8469-4E74-4A49-A4CF-55B7CA3368E7}.Release|x64.Build.0 = Release|Any CPU
		{EC7C8469-4E74-4A49-A4CF-55B7CA3368E7}.Release|x86.ActiveCfg = Release|Any CPU
		{EC7C8469-4E74-4A49-A4CF-55B7CA3368E7}.Release|x86.Build.0 = Release|Any CPU
		{E1C922D3-AFFC-454A-AB2B-16C3D7022B59}.Debug|Any CPU.ActiveCfg = Debug|Any CPU
		{E1C922D3-AFFC-454A-AB2B-16C3D7022B59}.Debug|Any CPU.Build.0 = Debug|Any CPU
		{E1C922D3-AFFC-454A-AB2B-16C3D7022B59}.Debug|x64.ActiveCfg = Debug|Any CPU
		{E1C922D3-AFFC-454A-AB2B-16C3D7022B59}.Debug|x64.Build.0 = Debug|Any CPU
		{E1C922D3-AFFC-454A-AB2B-16C3D7022B59}.Debug|x86.ActiveCfg = Debug|Any CPU
		{E1C922D3-AFFC-454A-AB2B-16C3D7022B59}.Debug|x86.Build.0 = Debug|Any CPU
		{E1C922D3-AFFC-454A-AB2B-16C3D7022B59}.Release|Any CPU.ActiveCfg = Release|Any CPU
		{E1C922D3-AFFC-454A-AB2B-16C3D7022B59}.Release|Any CPU.Build.0 = Release|Any CPU
		{E1C922D3-AFFC-454A-AB2B-16C3D7022B59}.Release|x64.ActiveCfg = Release|Any CPU
		{E1C922D3-AFFC-454A-AB2B-16C3D7022B59}.Release|x64.Build.0 = Release|Any CPU
		{E1C922D3-AFFC-454A-AB2B-16C3D7022B59}.Release|x86.ActiveCfg = Release|Any CPU
		{E1C922D3-AFFC-454A-AB2B-16C3D7022B59}.Release|x86.Build.0 = Release|Any CPU
		{2490C129-6137-449D-ADBE-209589B3647C}.Debug|Any CPU.ActiveCfg = Debug|Any CPU
		{2490C129-6137-449D-ADBE-209589B3647C}.Debug|Any CPU.Build.0 = Debug|Any CPU
		{2490C129-6137-449D-ADBE-209589B3647C}.Debug|x64.ActiveCfg = Debug|Any CPU
		{2490C129-6137-449D-ADBE-209589B3647C}.Debug|x64.Build.0 = Debug|Any CPU
		{2490C129-6137-449D-ADBE-209589B3647C}.Debug|x86.ActiveCfg = Debug|Any CPU
		{2490C129-6137-449D-ADBE-209589B3647C}.Debug|x86.Build.0 = Debug|Any CPU
		{2490C129-6137-449D-ADBE-209589B3647C}.Release|Any CPU.ActiveCfg = Release|Any CPU
		{2490C129-6137-449D-ADBE-209589B3647C}.Release|Any CPU.Build.0 = Release|Any CPU
		{2490C129-6137-449D-ADBE-209589B3647C}.Release|x64.ActiveCfg = Release|Any CPU
		{2490C129-6137-449D-ADBE-209589B3647C}.Release|x64.Build.0 = Release|Any CPU
		{2490C129-6137-449D-ADBE-209589B3647C}.Release|x86.ActiveCfg = Release|Any CPU
		{2490C129-6137-449D-ADBE-209589B3647C}.Release|x86.Build.0 = Release|Any CPU
	EndGlobalSection
	GlobalSection(SolutionProperties) = preSolution
		HideSolutionNode = FALSE
	EndGlobalSection
	GlobalSection(NestedProjects) = preSolution
		{D6E43922-B52A-4CB5-85EA-914F3D68B15A} = {827E0CD3-B72D-47B6-A68D-7590B98EB39B}
		{EC7C8469-4E74-4A49-A4CF-55B7CA3368E7} = {827E0CD3-B72D-47B6-A68D-7590B98EB39B}
		{E1C922D3-AFFC-454A-AB2B-16C3D7022B59} = {827E0CD3-B72D-47B6-A68D-7590B98EB39B}
		{2490C129-6137-449D-ADBE-209589B3647C} = {827E0CD3-B72D-47B6-A68D-7590B98EB39B}
	EndGlobalSection
EndGlobal
